// !$*UTF8*$!
{
	archiveVersion = 1;
	classes = {
	};
	objectVersion = 56;
	objects = {

/* Begin PBXBuildFile section */
		CC66BAFD2A53F3F600A217DD /* AppDelegate.swift in Sources */ = {isa = PBXBuildFile; fileRef = CC66BAFC2A53F3F600A217DD /* AppDelegate.swift */; };
		CC66BAFF2A53F3F600A217DD /* SceneDelegate.swift in Sources */ = {isa = PBXBuildFile; fileRef = CC66BAFE2A53F3F600A217DD /* SceneDelegate.swift */; };
		CC66BB012A53F3F600A217DD /* ViewController.swift in Sources */ = {isa = PBXBuildFile; fileRef = CC66BB002A53F3F600A217DD /* ViewController.swift */; };
		CC66BB042A53F3F600A217DD /* Main.storyboard in Resources */ = {isa = PBXBuildFile; fileRef = CC66BB022A53F3F600A217DD /* Main.storyboard */; };
		CC66BB062A53F3F700A217DD /* Assets.xcassets in Resources */ = {isa = PBXBuildFile; fileRef = CC66BB052A53F3F700A217DD /* Assets.xcassets */; };
		CC66BB092A53F3F700A217DD /* LaunchScreen.storyboard in Resources */ = {isa = PBXBuildFile; fileRef = CC66BB072A53F3F700A217DD /* LaunchScreen.storyboard */; };
		CC66BB122A53F4FA00A217DD /* Realm in Frameworks */ = {isa = PBXBuildFile; productRef = CC66BB112A53F4FA00A217DD /* Realm */; };
		CC66BB142A53F4FA00A217DD /* RealmSwift in Frameworks */ = {isa = PBXBuildFile; productRef = CC66BB132A53F4FA00A217DD /* RealmSwift */; };
/* End PBXBuildFile section */

/* Begin PBXFileReference section */
		CC66BAF92A53F3F600A217DD /* RealmEX.app */ = {isa = PBXFileReference; explicitFileType = wrapper.application; includeInIndex = 0; path = RealmEX.app; sourceTree = BUILT_PRODUCTS_DIR; };
		CC66BAFC2A53F3F600A217DD /* AppDelegate.swift */ = {isa = PBXFileReference; lastKnownFileType = sourcecode.swift; path = AppDelegate.swift; sourceTree = "<group>"; };
		CC66BAFE2A53F3F600A217DD /* SceneDelegate.swift */ = {isa = PBXFileReference; lastKnownFileType = sourcecode.swift; path = SceneDelegate.swift; sourceTree = "<group>"; };
		CC66BB002A53F3F600A217DD /* ViewController.swift */ = {isa = PBXFileReference; lastKnownFileType = sourcecode.swift; path = ViewController.swift; sourceTree = "<group>"; };
		CC66BB032A53F3F600A217DD /* Base */ = {isa = PBXFileReference; lastKnownFileType = file.storyboard; name = Base; path = Base.lproj/Main.storyboard; sourceTree = "<group>"; };
		CC66BB052A53F3F700A217DD /* Assets.xcassets */ = {isa = PBXFileReference; lastKnownFileType = folder.assetcatalog; path = Assets.xcassets; sourceTree = "<group>"; };
		CC66BB082A53F3F700A217DD /* Base */ = {isa = PBXFileReference; lastKnownFileType = file.storyboard; name = Base; path = Base.lproj/LaunchScreen.storyboard; sourceTree = "<group>"; };
		CC66BB0A2A53F3F700A217DD /* Info.plist */ = {isa = PBXFileReference; lastKnownFileType = text.plist.xml; path = Info.plist; sourceTree = "<group>"; };
/* End PBXFileReference section */

/* Begin PBXFrameworksBuildPhase section */
		CC66BAF62A53F3F600A217DD /* Frameworks */ = {
			isa = PBXFrameworksBuildPhase;
			buildActionMask = 2147483647;
			files = (
				CC66BB142A53F4FA00A217DD /* RealmSwift in Frameworks */,
				CC66BB122A53F4FA00A217DD /* Realm in Frameworks */,
			);
			runOnlyForDeploymentPostprocessing = 0;
		};
/* End PBXFrameworksBuildPhase section */

/* Begin PBXGroup section */
		CC66BAF02A53F3F600A217DD = {
			isa = PBXGroup;
			children = (
				CC66BAFB2A53F3F600A217DD /* RealmEX */,
				CC66BAFA2A53F3F600A217DD /* Products */,
			);
			sourceTree = "<group>";
		};
		CC66BAFA2A53F3F600A217DD /* Products */ = {
			isa = PBXGroup;
			children = (
				CC66BAF92A53F3F600A217DD /* RealmEX.app */,
			);
			name = Products;
			sourceTree = "<group>";
		};
		CC66BAFB2A53F3F600A217DD /* RealmEX */ = {
			isa = PBXGroup;
			children = (
				CC66BAFC2A53F3F600A217DD /* AppDelegate.swift */,
				CC66BAFE2A53F3F600A217DD /* SceneDelegate.swift */,
				CC66BB002A53F3F600A217DD /* ViewController.swift */,
				CC66BB022A53F3F600A217DD /* Main.storyboard */,
				CC66BB052A53F3F700A217DD /* Assets.xcassets */,
				CC66BB072A53F3F700A217DD /* LaunchScreen.storyboard */,
				CC66BB0A2A53F3F700A217DD /* Info.plist */,
			);
			path = RealmEX;
			sourceTree = "<group>";
		};
/* End PBXGroup section */

/* Begin PBXNativeTarget section */
		CC66BAF82A53F3F600A217DD /* RealmEX */ = {
			isa = PBXNativeTarget;
			buildConfigurationList = CC66BB0D2A53F3F700A217DD /* Build configuration list for PBXNativeTarget "RealmEX" */;
			buildPhases = (
				CC66BAF52A53F3F600A217DD /* Sources */,
				CC66BAF62A53F3F600A217DD /* Frameworks */,
				CC66BAF72A53F3F600A217DD /* Resources */,
			);
			buildRules = (
			);
			dependencies = (
			);
			name = RealmEX;
			packageProductDependencies = (
				CC66BB112A53F4FA00A217DD /* Realm */,
				CC66BB132A53F4FA00A217DD /* RealmSwift */,
			);
			productName = RealmEX;
			productReference = CC66BAF92A53F3F600A217DD /* RealmEX.app */;
			productType = "com.apple.product-type.application";
		};
/* End PBXNativeTarget section */

/* Begin PBXProject section */
		CC66BAF12A53F3F600A217DD /* Project object */ = {
			isa = PBXProject;
			attributes = {
				BuildIndependentTargetsInParallel = 1;
				LastSwiftUpdateCheck = 1410;
				LastUpgradeCheck = 1410;
				TargetAttributes = {
					CC66BAF82A53F3F600A217DD = {
						CreatedOnToolsVersion = 14.1;
					};
				};
			};
			buildConfigurationList = CC66BAF42A53F3F600A217DD /* Build configuration list for PBXProject "RealmEX" */;
			compatibilityVersion = "Xcode 14.0";
			developmentRegion = en;
			hasScannedForEncodings = 0;
			knownRegions = (
				en,
				Base,
			);
			mainGroup = CC66BAF02A53F3F600A217DD;
			packageReferences = (
				CC66BB102A53F4FA00A217DD /* XCRemoteSwiftPackageReference "realm-swift" */,
			);
			productRefGroup = CC66BAFA2A53F3F600A217DD /* Products */;
			projectDirPath = "";
			projectRoot = "";
			targets = (
				CC66BAF82A53F3F600A217DD /* RealmEX */,
			);
		};
/* End PBXProject section */

/* Begin PBXResourcesBuildPhase section */
		CC66BAF72A53F3F600A217DD /* Resources */ = {
			isa = PBXResourcesBuildPhase;
			buildActionMask = 2147483647;
			files = (
				CC66BB092A53F3F700A217DD /* LaunchScreen.storyboard in Resources */,
				CC66BB062A53F3F700A217DD /* Assets.xcassets in Resources */,
				CC66BB042A53F3F600A217DD /* Main.storyboard in Resources */,
			);
			runOnlyForDeploymentPostprocessing = 0;
		};
/* End PBXResourcesBuildPhase section */

/* Begin PBXSourcesBuildPhase section */
		CC66BAF52A53F3F600A217DD /* Sources */ = {
			isa = PBXSourcesBuildPhase;
			buildActionMask = 2147483647;
			files = (
				CC66BB012A53F3F600A217DD /* ViewController.swift in Sources */,
				CC66BAFD2A53F3F600A217DD /* AppDelegate.swift in Sources */,
				CC66BAFF2A53F3F600A217DD /* SceneDelegate.swift in Sources */,
			);
			runOnlyForDeploymentPostprocessing = 0;
		};
/* End PBXSourcesBuildPhase section */

/* Begin PBXVariantGroup section */
		CC66BB022A53F3F600A217DD /* Main.storyboard */ = {
			isa = PBXVariantGroup;
			children = (
				CC66BB032A53F3F600A217DD /* Base */,
			);
			name = Main.storyboard;
			sourceTree = "<group>";
		};
		CC66BB072A53F3F700A217DD /* LaunchScreen.storyboard */ = {
			isa = PBXVariantGroup;
			children = (
				CC66BB082A53F3F700A217DD /* Base */,
			);
			name = LaunchScreen.storyboard;
			sourceTree = "<group>";
		};
/* End PBXVariantGroup section */

/* Begin XCBuildConfiguration section */
		CC66BB0B2A53F3F700A217DD /* Debug */ = {
			isa = XCBuildConfiguration;
			buildSettings = {
				ALWAYS_SEARCH_USER_PATHS = NO;
				CLANG_ANALYZER_NONNULL = YES;
				CLANG_ANALYZER_NUMBER_OBJECT_CONVERSION = YES_AGGRESSIVE;
				CLANG_CXX_LANGUAGE_STANDARD = "gnu++20";
				CLANG_ENABLE_MODULES = YES;
				CLANG_ENABLE_OBJC_ARC = YES;
				CLANG_ENABLE_OBJC_WEAK = YES;
				CLANG_WARN_BLOCK_CAPTURE_AUTORELEASING = YES;
				CLANG_WARN_BOOL_CONVERSION = YES;
				CLANG_WARN_COMMA = YES;
				CLANG_WARN_CONSTANT_CONVERSION = YES;
				CLANG_WARN_DEPRECATED_OBJC_IMPLEMENTATIONS = YES;
				CLANG_WARN_DIRECT_OBJC_ISA_USAGE = YES_ERROR;
				CLANG_WARN_DOCUMENTATION_COMMENTS = YES;
				CLANG_WARN_EMPTY_BODY = YES;
				CLANG_WARN_ENUM_CONVERSION = YES;
				CLANG_WARN_INFINITE_RECURSION = YES;
				CLANG_WARN_INT_CONVERSION = YES;
				CLANG_WARN_NON_LITERAL_NULL_CONVERSION = YES;
				CLANG_WARN_OBJC_IMPLICIT_RETAIN_SELF = YES;
				CLANG_WARN_OBJC_LITERAL_CONVERSION = YES;
				CLANG_WARN_OBJC_ROOT_CLASS = YES_ERROR;
				CLANG_WARN_QUOTED_INCLUDE_IN_FRAMEWORK_HEADER = YES;
				CLANG_WARN_RANGE_LOOP_ANALYSIS = YES;
				CLANG_WARN_STRICT_PROTOTYPES = YES;
				CLANG_WARN_SUSPICIOUS_MOVE = YES;
				CLANG_WARN_UNGUARDED_AVAILABILITY = YES_AGGRESSIVE;
				CLANG_WARN_UNREACHABLE_CODE = YES;
				CLANG_WARN__DUPLICATE_METHOD_MATCH = YES;
				COPY_PHASE_STRIP = NO;
				DEBUG_INFORMATION_FORMAT = dwarf;
				ENABLE_STRICT_OBJC_MSGSEND = YES;
				ENABLE_TESTABILITY = YES;
				GCC_C_LANGUAGE_STANDARD = gnu11;
				GCC_DYNAMIC_NO_PIC = NO;
				GCC_NO_COMMON_BLOCKS = YES;
				GCC_OPTIMIZATION_LEVEL = 0;
				GCC_PREPROCESSOR_DEFINITIONS = (
					"DEBUG=1",
					"$(inherited)",
				);
				GCC_WARN_64_TO_32_BIT_CONVERSION = YES;
				GCC_WARN_ABOUT_RETURN_TYPE = YES_ERROR;
				GCC_WARN_UNDECLARED_SELECTOR = YES;
				GCC_WARN_UNINITIALIZED_AUTOS = YES_AGGRESSIVE;
				GCC_WARN_UNUSED_FUNCTION = YES;
				GCC_WARN_UNUSED_VARIABLE = YES;
				IPHONEOS_DEPLOYMENT_TARGET = 16.1;
				MTL_ENABLE_DEBUG_INFO = INCLUDE_SOURCE;
				MTL_FAST_MATH = YES;
				ONLY_ACTIVE_ARCH = YES;
				SDKROOT = iphoneos;
				SWIFT_ACTIVE_COMPILATION_CONDITIONS = DEBUG;
				SWIFT_OPTIMIZATION_LEVEL = "-Onone";
			};
			name = Debug;
		};
		CC66BB0C2A53F3F700A217DD /* Release */ = {
			isa = XCBuildConfiguration;
			buildSettings = {
				ALWAYS_SEARCH_USER_PATHS = NO;
				CLANG_ANALYZER_NONNULL = YES;
				CLANG_ANALYZER_NUMBER_OBJECT_CONVERSION = YES_AGGRESSIVE;
				CLANG_CXX_LANGUAGE_STANDARD = "gnu++20";
				CLANG_ENABLE_MODULES = YES;
				CLANG_ENABLE_OBJC_ARC = YES;
				CLANG_ENABLE_OBJC_WEAK = YES;
				CLANG_WARN_BLOCK_CAPTURE_AUTORELEASING = YES;
				CLANG_WARN_BOOL_CONVERSION = YES;
				CLANG_WARN_COMMA = YES;
				CLANG_WARN_CONSTANT_CONVERSION = YES;
				CLANG_WARN_DEPRECATED_OBJC_IMPLEMENTATIONS = YES;
				CLANG_WARN_DIRECT_OBJC_ISA_USAGE = YES_ERROR;
				CLANG_WARN_DOCUMENTATION_COMMENTS = YES;
				CLANG_WARN_EMPTY_BODY = YES;
				CLANG_WARN_ENUM_CONVERSION = YES;
				CLANG_WARN_INFINITE_RECURSION = YES;
				CLANG_WARN_INT_CONVERSION = YES;
				CLANG_WARN_NON_LITERAL_NULL_CONVERSION = YES;
				CLANG_WARN_OBJC_IMPLICIT_RETAIN_SELF = YES;
				CLANG_WARN_OBJC_LITERAL_CONVERSION = YES;
				CLANG_WARN_OBJC_ROOT_CLASS = YES_ERROR;
				CLANG_WARN_QUOTED_INCLUDE_IN_FRAMEWORK_HEADER = YES;
				CLANG_WARN_RANGE_LOOP_ANALYSIS = YES;
				CLANG_WARN_STRICT_PROTOTYPES = YES;
				CLANG_WARN_SUSPICIOUS_MOVE = YES;
				CLANG_WARN_UNGUARDED_AVAILABILITY = YES_AGGRESSIVE;
				CLANG_WARN_UNREACHABLE_CODE = YES;
				CLANG_WARN__DUPLICATE_METHOD_MATCH = YES;
				COPY_PHASE_STRIP = NO;
				DEBUG_INFORMATION_FORMAT = "dwarf-with-dsym";
				ENABLE_NS_ASSERTIONS = NO;
				ENABLE_STRICT_OBJC_MSGSEND = YES;
				GCC_C_LANGUAGE_STANDARD = gnu11;
				GCC_NO_COMMON_BLOCKS = YES;
				GCC_WARN_64_TO_32_BIT_CONVERSION = YES;
				GCC_WARN_ABOUT_RETURN_TYPE = YES_ERROR;
				GCC_WARN_UNDECLARED_SELECTOR = YES;
				GCC_WARN_UNINITIALIZED_AUTOS = YES_AGGRESSIVE;
				GCC_WARN_UNUSED_FUNCTION = YES;
				GCC_WARN_UNUSED_VARIABLE = YES;
				IPHONEOS_DEPLOYMENT_TARGET = 16.1;
				MTL_ENABLE_DEBUG_INFO = NO;
				MTL_FAST_MATH = YES;
				SDKROOT = iphoneos;
				SWIFT_COMPILATION_MODE = wholemodule;
				SWIFT_OPTIMIZATION_LEVEL = "-O";
				VALIDATE_PRODUCT = YES;
			};
			name = Release;
		};
		CC66BB0E2A53F3F700A217DD /* Debug */ = {
			isa = XCBuildConfiguration;
			buildSettings = {
				ASSETCATALOG_COMPILER_APPICON_NAME = AppIcon;
				ASSETCATALOG_COMPILER_GLOBAL_ACCENT_COLOR_NAME = AccentColor;
				CODE_SIGN_STYLE = Automatic;
				CURRENT_PROJECT_VERSION = 1;
				GENERATE_INFOPLIST_FILE = YES;
				INFOPLIST_FILE = RealmEX/Info.plist;
				INFOPLIST_KEY_UIApplicationSupportsIndirectInputEvents = YES;
				INFOPLIST_KEY_UILaunchStoryboardName = LaunchScreen;
				INFOPLIST_KEY_UIMainStoryboardFile = Main;
				INFOPLIST_KEY_UISupportedInterfaceOrientations_iPad = "UIInterfaceOrientationPortrait UIInterfaceOrientationPortraitUpsideDown UIInterfaceOrientationLandscapeLeft UIInterfaceOrientationLandscapeRight";
				INFOPLIST_KEY_UISupportedInterfaceOrientations_iPhone = "UIInterfaceOrientationPortrait UIInterfaceOrientationLandscapeLeft UIInterfaceOrientationLandscapeRight";
				LD_RUNPATH_SEARCH_PATHS = (
					"$(inherited)",
					"@executable_path/Frameworks",
				);
				MARKETING_VERSION = 1.0;
				PRODUCT_BUNDLE_IDENTIFIER = coco.RealmEX;
				PRODUCT_NAME = "$(TARGET_NAME)";
				SUPPORTED_PLATFORMS = "iphoneos iphonesimulator";
				SUPPORTS_MACCATALYST = NO;
				SUPPORTS_MAC_DESIGNED_FOR_IPHONE_IPAD = NO;
				SWIFT_EMIT_LOC_STRINGS = YES;
				SWIFT_VERSION = 5.0;
				TARGETED_DEVICE_FAMILY = 1;
			};
			name = Debug;
		};
		CC66BB0F2A53F3F700A217DD /* Release */ = {
			isa = XCBuildConfiguration;
			buildSettings = {
				ASSETCATALOG_COMPILER_APPICON_NAME = AppIcon;
				ASSETCATALOG_COMPILER_GLOBAL_ACCENT_COLOR_NAME = AccentColor;
				CODE_SIGN_STYLE = Automatic;
				CURRENT_PROJECT_VERSION = 1;
				GENERATE_INFOPLIST_FILE = YES;
				INFOPLIST_FILE = RealmEX/Info.plist;
				INFOPLIST_KEY_UIApplicationSupportsIndirectInputEvents = YES;
				INFOPLIST_KEY_UILaunchStoryboardName = LaunchScreen;
				INFOPLIST_KEY_UIMainStoryboardFile = Main;
				INFOPLIST_KEY_UISupportedInterfaceOrientations_iPad = "UIInterfaceOrientationPortrait UIInterfaceOrientationPortraitUpsideDown UIInterfaceOrientationLandscapeLeft UIInterfaceOrientationLandscapeRight";
				INFOPLIST_KEY_UISupportedInterfaceOrientations_iPhone = "UIInterfaceOrientationPortrait UIInterfaceOrientationLandscapeLeft UIInterfaceOrientationLandscapeRight";
				LD_RUNPATH_SEARCH_PATHS = (
					"$(inherited)",
					"@executable_path/Frameworks",
				);
				MARKETING_VERSION = 1.0;
				PRODUCT_BUNDLE_IDENTIFIER = coco.RealmEX;
				PRODUCT_NAME = "$(TARGET_NAME)";
				SUPPORTED_PLATFORMS = "iphoneos iphonesimulator";
				SUPPORTS_MACCATALYST = NO;
				SUPPORTS_MAC_DESIGNED_FOR_IPHONE_IPAD = NO;
				SWIFT_EMIT_LOC_STRINGS = YES;
				SWIFT_VERSION = 5.0;
				TARGETED_DEVICE_FAMILY = 1;
			};
			name = Release;
		};
/* End XCBuildConfiguration section */

/* Begin XCConfigurationList section */
		CC66BAF42A53F3F600A217DD /* Build configuration list for PBXProject "RealmEX" */ = {
			isa = XCConfigurationList;
			buildConfigurations = (
				CC66BB0B2A53F3F700A217DD /* Debug */,
				CC66BB0C2A53F3F700A217DD /* Release */,
			);
			defaultConfigurationIsVisible = 0;
			defaultConfigurationName = Release;
		};
		CC66BB0D2A53F3F700A217DD /* Build configuration list for PBXNativeTarget "RealmEX" */ = {
			isa = XCConfigurationList;
			buildConfigurations = (
				CC66BB0E2A53F3F700A217DD /* Debug */,
				CC66BB0F2A53F3F700A217DD /* Release */,
			);
			defaultConfigurationIsVisible = 0;
			defaultConfigurationName = Release;
		};
/* End XCConfigurationList section */

/* Begin XCRemoteSwiftPackageReference section */
		CC66BB102A53F4FA00A217DD /* XCRemoteSwiftPackageReference "realm-swift" */ = {
			isa = XCRemoteSwiftPackageReference;
			repositoryURL = "https://github.com/realm/realm-swift.git";
			requirement = {
				kind = upToNextMajorVersion;
				minimumVersion = 10.41.0;
			};
		};
/* End XCRemoteSwiftPackageReference section */

/* Begin XCSwiftPackageProductDependency section */
		CC66BB112A53F4FA00A217DD /* Realm */ = {
			isa = XCSwiftPackageProductDependency;
			package = CC66BB102A53F4FA00A217DD /* XCRemoteSwiftPackageReference "realm-swift" */;
			productName = Realm;
		};
		CC66BB132A53F4FA00A217DD /* RealmSwift */ = {
			isa = XCSwiftPackageProductDependency;
			package = CC66BB102A53F4FA00A217DD /* XCRemoteSwiftPackageReference "realm-swift" */;
			productName = RealmSwift;
		};
/* End XCSwiftPackageProductDependency section */
	};
	rootObject = CC66BAF12A53F3F600A217DD /* Project object */;
}
